dependencies:
- name: etcd
  repository: https://charts.bitnami.com/bitnami
  version: 6.2.6
- name: apisix-dashboard
  repository: https://charts.apiseven.com
  version: 0.2.0
- name: apisix-ingress-controller
  repository: https://charts.apiseven.com
  version: 0.7.0
digest: sha256:d585232286efa9b69c066dd0ca331a86826a0c70846b8d54813b14fdcf5b5f8a
generated: "2021-10-08T19:35:58.82774491+08:00"
