dependencies:
- name: etcd
  repository: https://charts.bitnami.com/bitnami
  version: 9.7.3
- name: apisix-ingress-controller
  repository: https://charts.apiseven.com
  version: 1.0.5
digest: sha256:cf722d2d1c67d1097a7eb9dabe0fca76077dc15debaf8ab12b155b508c1c3e35
generated: "2025-09-01T10:34:11.239287+08:00"
