dependencies:
- name: etcd
  repository: https://charts.bitnami.com/bitnami
  version: 8.3.4
- name: apisix-dashboard
  repository: https://charts.apiseven.com
  version: 0.6.1
- name: apisix-ingress-controller
  repository: https://charts.apiseven.com
  version: 0.11.2
digest: sha256:8ca85bda3f9a3f5166a9603054a6cc45ddacdceb53a082c8f26b0adccf019803
generated: "2022-12-30T18:10:51.367188426+08:00"
